
Microsoft Visual Studio Solution File, Format Version 12.00
# Visual Studio Version 17
VisualStudioVersion = 17.14.36811.4
MinimumVisualStudioVersion = 10.0.40219.1
Project("{2150E333-8FDC-42A3-9474-1A3956D46DE8}") = "Recetario-MVC", "Recetario-MVC", "{119ADFAA-6808-C659-E75E-455ED7C45DB5}"
EndProject
Project("{FAE04EC0-301F-11D3-BF4B-00C04F79EFBC}") = "RecetarioMVC", "Recetario-MVC\RecetarioMVC.csproj", "{5741DC25-EC48-4002-93CD-32A4D9582C1C}"
EndProject
Project("{2150E333-8FDC-42A3-9474-1A3956D46DE8}") = "Recetario-MVC.Tests", "Recetario-MVC.Tests", "{14F5C2F5-80A5-0D28-D49A-00190186A64B}"
EndProject
Project("{FAE04EC0-301F-11D3-BF4B-00C04F79EFBC}") = "RecetarioMVC.Tests", "Recetario-MVC.Tests\RecetarioMVC.Tests.csproj", "{E2DC5FAF-9BBF-4442-A263-AB33F62E49B5}"
EndProject
Global
	GlobalSection(SolutionConfigurationPlatforms) = preSolution
		Debug|Any CPU = Debug|Any CPU
		Debug|x64 = Debug|x64
		Debug|x86 = Debug|x86
		Release|Any CPU = Release|Any CPU
		Release|x64 = Release|x64
		Release|x86 = Release|x86
	EndGlobalSection
	GlobalSection(ProjectConfigurationPlatforms) = postSolution
		{5741DC25-EC48-4002-93CD-32A4D9582C1C}.Debug|Any CPU.ActiveCfg = Debug|Any CPU
		{5741DC25-EC48-4002-93CD-32A4D9582C1C}.Debug|Any CPU.Build.0 = Debug|Any CPU
		{5741DC25-EC48-4002-93CD-32A4D9582C1C}.Debug|x64.ActiveCfg = Debug|Any CPU
		{5741DC25-EC48-4002-93CD-32A4D9582C1C}.Debug|x64.Build.0 = Debug|Any CPU
		{5741DC25-EC48-4002-93CD-32A4D9582C1C}.Debug|x86.ActiveCfg = Debug|Any CPU
		{5741DC25-EC48-4002-93CD-32A4D9582C1C}.Debug|x86.Build.0 = Debug|Any CPU
		{5741DC25-EC48-4002-93CD-32A4D9582C1C}.Release|Any CPU.ActiveCfg = Release|Any CPU
		{5741DC25-EC48-4002-93CD-32A4D9582C1C}.Release|Any CPU.Build.0 = Release|Any CPU
		{5741DC25-EC48-4002-93CD-32A4D9582C1C}.Release|x64.ActiveCfg = Release|Any CPU
		{5741DC25-EC48-4002-93CD-32A4D9582C1C}.Release|x64.Build.0 = Release|Any CPU
		{5741DC25-EC48-4002-93CD-32A4D9582C1C}.Release|x86.ActiveCfg = Release|Any CPU
		{5741DC25-EC48-4002-93CD-32A4D9582C1C}.Release|x86.Build.0 = Release|Any CPU
		{E2DC5FAF-9BBF-4442-A263-AB33F62E49B5}.Debug|Any CPU.ActiveCfg = Debug|Any CPU
		{E2DC5FAF-9BBF-4442-A263-AB33F62E49B5}.Debug|Any CPU.Build.0 = Debug|Any CPU
		{E2DC5FAF-9BBF-4442-A263-AB33F62E49B5}.Debug|x64.ActiveCfg = Debug|Any CPU
		{E2DC5FAF-9BBF-4442-A263-AB33F62E49B5}.Debug|x64.Build.0 = Debug|Any CPU
		{E2DC5FAF-9BBF-4442-A263-AB33F62E49B5}.Debug|x86.ActiveCfg = Debug|Any CPU
		{E2DC5FAF-9BBF-4442-A263-AB33F62E49B5}.Debug|x86.Build.0 = Debug|Any CPU
		{E2DC5FAF-9BBF-4442-A263-AB33F62E49B5}.Release|Any CPU.ActiveCfg = Release|Any CPU
		{E2DC5FAF-9BBF-4442-A263-AB33F62E49B5}.Release|Any CPU.Build.0 = Release|Any CPU
		{E2DC5FAF-9BBF-4442-A263-AB33F62E49B5}.Release|x64.ActiveCfg = Release|Any CPU
		{E2DC5FAF-9BBF-4442-A263-AB33F62E49B5}.Release|x64.Build.0 = Release|Any CPU
		{E2DC5FAF-9BBF-4442-A263-AB33F62E49B5}.Release|x86.ActiveCfg = Release|Any CPU
		{E2DC5FAF-9BBF-4442-A263-AB33F62E49B5}.Release|x86.Build.0 = Release|Any CPU
	EndGlobalSection
	GlobalSection(SolutionProperties) = preSolution
		HideSolutionNode = FALSE
	EndGlobalSection
	GlobalSection(NestedProjects) = preSolution
		{5741DC25-EC48-4002-93CD-32A4D9582C1C} = {119ADFAA-6808-C659-E75E-455ED7C45DB5}
		{E2DC5FAF-9BBF-4442-A263-AB33F62E49B5} = {14F5C2F5-80A5-0D28-D49A-00190186A64B}
	EndGlobalSection
	GlobalSection(ExtensibilityGlobals) = postSolution
		SolutionGuid = {B8D48BE7-991E-43FE-99B1-8069FF4834BD}
	EndGlobalSection
EndGlobal
